{
    "_meta": {
        "hash": {
            "sha256": "8929891060a93c6f802c1103026a89803c8ff56ca9874fd81e9fe0af0e2a29d6"
        },
        "pipfile-spec": 6,
        "requires": {
            "python_version": "3.7"
        },
        "sources": [
            {
                "name": "pypi",
                "url": "https://pypi.org/simple",
                "verify_ssl": true
            }
        ]
    },
    "default": {
        "aioboto3": {
            "hashes": [
                "sha256:f019b151bf38ec4807b39ef0afd20bbaa694be529c7faa2e3a83cb083309d120"
            ],
            "markers": "python_version >= '3.6'",
            "version": "==8.3.0"
        },
        "aiobotocore": {
            "extras": [
                "boto3"
            ],
            "hashes": [
                "sha256:37c23166603a3bd134e5f6fc22dbbf8c274d4d24c71418fba292ed2cd7a0bf43"
            ],
            "markers": "python_version >= '3.6'",
            "version": "==1.2.2"
        },
        "aiohappyeyeballs": {
            "hashes": [
                "sha256:4d6dea59215537dbc746e93e779caea8178c866856a721c9c660d7a5a7b8be03",
                "sha256:6fa48b9f1317254f122a07a131a86b71ca6946ca989ce6326fff54a99a920105"
            ],
            "markers": "python_version >= '3.8'",
            "version": "==2.3.5"
        },
        "aiohttp": {
            "hashes": [
                "sha256:54b7f4a20d7cc6bfa4438abbde069d417bb7a119f870975f78a2b99890226d55",
                "sha256:8b0d058e4e425d3b45e8ec70d49b402f4d6b21041e674798b1f91ba027c73f28",
                "sha256:d8311d0d690487359fe2247ec5d2cac9946e70d50dced8c01ce9e72341c21151"
            ],
            "markers": "python_version >= '3.8'",
            "version": "==3.10.1"
        },
        "aioitertools": {
            "hashes": [
                "sha256:04b95e3dab25b449def24d7df809411c10e62aab0cbe31a50ca4e68748c43394",
                "sha256:42c68b8dd3a69c2bf7f2233bf7df4bb58b557bca5252ac02ed5187bbc67d6831"
            ],
            "markers": "python_version >= '3.6'",
            "version": "==0.11.0"
        },
        "aiosignal": {
            "hashes": [
                "sha256:54cd96e15e1649b75d6c87526a6ff0b6c1b0dd3459f43d9ca11d48c339b68cfc",
                "sha256:f8376fb07dd1e86a584e4fcdec80b36b7f81aac666ebc724e2c090300dd83b17"
            ],
            "markers": "python_version >= '3.7'",
            "version": "==1.3.1"
        },
        "async-timeout": {
            "hashes": [
                "sha256:4640d96be84d82d02ed59ea2b7105a0f7b33abe8703703cd0ab0bf87c427522f",
                "sha256:7405140ff1230c310e51dc27b3145b9092d659ce68ff733fb0cefe3ee42be028"
            ],
            "markers": "python_version < '3.11'",
            "version": "==4.0.3"
        },
        "attrs": {
            "hashes": [
                "sha256:5cfb1b9148b5b086569baec03f20d7b6bf3bcacc9a42bebf87ffaaca362f6346",
                "sha256:81921eb96de3191c8258c199618104dd27ac608d9366f5e35d011eae1867ede2"
            ],
            "markers": "python_version >= '3.7'",
            "version": "==24.2.0"
        },
        "boto3": {
            "hashes": [
                "sha256:360a9f805b11f2e468d48815193c55278765fb30b64350893ab63236a5034726",
                "sha256:81c514185de8937ba75023a2466fae0cc6f170e6348fdac31c235c32ba9d58f3"
            ],
            "version": "==1.16.52"
        },
        "botocore": {
            "hashes": [
                "sha256:d8f50e4162012ccfab64c2db4fcc99313d46d57789072251bab56013d66546e2",
                "sha256:dc5ec23deadbe9327d3c81d03fddf80805c549059baabd80dea605941fe6a221"
            ],
            "version": "==1.19.52"
        },
        "cffi": {
            "hashes": [
                "sha256:f3157624b7558b914cb039fd1af735e5e8049a87c817cc215109ad1c8779df76"
            ],
            "markers": "python_version >= '3.8'",
            "version": "==1.17.0"
        },
        "defusedxml": {
            "hashes": [
                "sha256:1bb3032db185915b62d7c6209c5a8792be6a32ab2fedacc84e01b52c51aa3e69",
                "sha256:a352e7e428770286cc899e2542b6cdaedb2b4953ff269a210103ec58f6198a61"
            ],
            "index": "pypi",
            "markers": "python_version >= '2.7' and python_version not in '3.0, 3.1, 3.2, 3.3, 3.4'",
            "version": "==0.7.1"
        },
        "dnspython": {
            "hashes": [
                "sha256:5ef3b9680161f6fa89daf8ad451b5f1a33b18ae8a1c6778cdf4b43f08c0a6e50",
                "sha256:e8f0f9c23a7b7cb99ded64e6c3a6f3e701d78f50c55e002b839dea7225cff7cc"
            ],
            "markers": "python_version >= '3.8'",
            "version": "==2.6.1"
        },
        "frozenlist": {
            "hashes": [
                "sha256:04ced3e6a46b4cfffe20f9ae482818e34eba9b5fb0ce4056e4cc9b6e212d09b7",
                "sha256:20b51fa3f588ff2fe658663db52a41a4f7aa6c04f6201449c6c7c476bd255c0d",
                "sha256:c037a86e8513059a2613aaba4d817bb90b9d9b6b69aace3ce9c877e8c8ed402b",
                "sha256:c6321c9efe29975232da3bd0af0ad216800a47e93d763ce64f291917a381b8eb"
            ],
            "markers": "python_version >= '3.8'",
            "version": "==1.4.1"
        },
        "idna": {
            "hashes": [
                "sha256:028ff3aadf0609c1fd278d8ea3089299412a7a8b9bd005dd08b9f8285bcb5cfc",
                "sha256:82fee1fc78add43492d3a1898bfa6d8a904cc97d8427f683ed8e798d07761aa0"
            ],
            "markers": "python_version >= '3.5'",
            "version": "==3.7"
        },
        "importlib-metadata": {
            "hashes": [
                "sha256:11901fa0c2f97919b288679932bb64febaeacf289d18ac84dd68cb2e74213369",
                "sha256:72e8d4399996132204f9a16dcc751af254a48f8d1b20b9ff0f98d4a8f901e73d"
            ],
            "markers": "python_version < '3.10'",
            "version": "==8.2.0"
        },
        "integration-adaptors-common": {
            "editable": true,
            "path": "./../../common"
        },
        "isodate": {
            "hashes": [
                "sha256:0751eece944162659049d35f4f549ed815792b38793f07cf73381c1c87cbed96",
                "sha256:48c5881de7e8b0a0d648cb024c8062dc84e7b840ed81e864c7614fd3c127bde9"
            ],
            "version": "==0.6.1"
        },
        "jmespath": {
            "hashes": [
                "sha256:b85d0567b8666149a93172712e68920734333c0ce7e89b78b3e987f71e5ed4f9",
                "sha256:cdf6525904cc597730141d61b36f2e4b8ecc257c420fa2f4549bac2c2d0cb72f"
            ],
            "markers": "python_version >= '2.6' and python_version not in '3.0, 3.1, 3.2, 3.3'",
            "version": "==0.10.0"
        },
        "ldap3": {
            "hashes": [
                "sha256:37d633e20fa360c302b1263c96fe932d40622d0119f1bddcb829b03462eeeeb7",
                "sha256:7c3738570766f5e5e74a56fade15470f339d5c436d821cf476ef27da0a4de8b0"
            ],
            "index": "pypi",
            "version": "==2.8.1"
        },
        "lxml": {
            "hashes": [
                "sha256:bb2dc4898180bea79863d5487e5f9c7c34297414bad54bcd0f0852aee9cfdb87"
            ],
            "markers": "python_version >= '3.6'",
            "version": "==5.2.2"
        },
        "marshmallow": {
            "hashes": [
                "sha256:4f57c5e050a54d66361e826f94fba213eb10b67b2fdb02c3e0343ce207ba1662",
                "sha256:86ce7fb914aa865001a4b2092c4c2872d13bc347f3d42673272cabfdbad386f1"
            ],
            "markers": "python_version >= '3.8'",
            "version": "==3.21.3"
        },
        "mhs-common": {
            "editable": true,
            "path": "./../common"
        },
        "motor": {
            "hashes": [
                "sha256:1622bd7b39c3e6375607c14736f6e1d498128eadf6f5f93f8786cf17d37062ac",
                "sha256:f95a9ea0f011464235e0bd72910baa291db3a6009e617ac27b82f57885abafb8"
            ],
            "markers": "python_version >= '3.8'",
            "version": "==3.5.1"
        },
        "multidict": {
            "hashes": [
                "sha256:0d63c74e3d7ab26de115c49bffc92cc77ed23395303d496eae515d4204a625e7",
                "sha256:5cb241881eefd96b46f89b1a056187ea8e9ba14ab88ba632e68d7a2ecb7aadf7",
                "sha256:76f067f5121dcecf0d63a67f29080b26c43c71a98b10c701b0677e4a065fbd54",
                "sha256:f7e301075edaf50500f0b341543c41194d8df3ae5caf4702f2095f3ca73dd8da"
            ],
            "markers": "python_version >= '3.7'",
            "version": "==6.0.5"
        },
        "packaging": {
            "hashes": [
                "sha256:026ed72c8ed3fcce5bf8950572258698927fd1dbda10a5e981cdf0ac37f4f002",
                "sha256:5b8f2217dbdbd2f7f384c41c628544e6d52f2d0f53c6d0c3ea61aa5d1d7ff124"
            ],
            "markers": "python_version >= '3.8'",
            "version": "==24.1"
        },
        "pyasn1": {
            "hashes": [
                "sha256:3a35ab2c4b5ef98e17dfdec8ab074046fbda76e281c5a706ccd82328cfc8f64c",
                "sha256:cca4bb0f2df5504f02f6f8a775b6e416ff9b0b3b16f7ee80b5a3153d9b804473"
            ],
            "markers": "python_version >= '3.8'",
            "version": "==0.6.0"
        },
        "pycparser": {
            "hashes": [
                "sha256:491c8be9c040f5390f5bf44a5b07752bd07f56edf992381b05c701439eec10f6",
                "sha256:c3702b6d3dd8c7abc1afa565d7e63d53a1d0bd86cdc24edd75470f4de499cfcc"
            ],
            "markers": "python_version >= '3.8'",
            "version": "==2.22"
        },
        "pymongo": {
            "hashes": [
                "sha256:454f2295875744dc70f1881e4b2eb99cdad008a33574bc8aaf120530f66c0cde",
                "sha256:87075a1feb1e602e539bdb1ef8f4324a3427eb0d64208c3182e677d2c0718b6f"
            ],
            "markers": "python_version >= '3.8'",
            "version": "==4.8.0"
        },
        "pystache": {
            "hashes": [
                "sha256:84546278219431f1a2ecc86a627cc1b0fe3c83b5612f8a7d9c81ea0119ac8f49",
                "sha256:9f238d5a06f18843e0d491d8e4e292dc03fed6a54cb0a5c34be37a3faa973174"
            ],
            "markers": "python_version >= '3.8'",
            "version": "==0.6.5"
        },
        "python-dateutil": {
            "hashes": [
                "sha256:37dd54208da7e1cd875388217d5e00ebd4179249f90fb72437e91a35459a0ad3",
                "sha256:a8b2bc7bffae282281c8140a97d3aa9c14da0b136dfe83f850eea9a5f7470427"
            ],
            "markers": "python_version >= '2.7' and python_version not in '3.0, 3.1, 3.2, 3.3'",
            "version": "==2.9.0.post0"
        },
        "python-qpid-proton": {
            "hashes": [
                "sha256:362055ae6ab4c7f1437247c602757f30328d55c0a6986d5b68ca9798de9fce02"
            ],
            "version": "==0.39.0"
        },
        "redis": {
            "hashes": [
                "sha256:0e7e0cfca8660dea8b7d5cd8c4f6c5e29e11f31158c0b0ae91a397f00e5a05a2",
                "sha256:432b788c4530cfe16d8d943a09d40ca6c16149727e4afe8c2c9d5580c59d9f24"
            ],
            "index": "pypi",
            "markers": "python_version >= '2.7' and python_version not in '3.0, 3.1, 3.2, 3.3, 3.4'",
            "version": "==3.5.3"
        },
        "s3transfer": {
            "hashes": [
                "sha256:35627b86af8ff97e7ac27975fe0a98a312814b46c6333d8a6b889627bcd80994",
                "sha256:efa5bd92a897b6a8d5c1383828dca3d52d0790e0756d49740563a3fb6ed03246"
            ],
            "version": "==0.3.7"
        },
        "six": {
            "hashes": [
                "sha256:1e61c37477a1626458e36f7b1d82aa5c9b094fa4802892072e49de9c60c4c926",
                "sha256:8abb2f1d86890a2dfb989f9a77cfcfd3e47c2a354b01111771326f8aa26e0254"
            ],
            "markers": "python_version >= '2.7' and python_version not in '3.0, 3.1, 3.2, 3.3'",
            "version": "==1.16.0"
        },
        "tornado": {
            "hashes": [
                "sha256:163b0aafc8e23d8cdc3c9dfb24c5368af84a81e3364745ccb4427669bf84aec8",
                "sha256:92d3ab53183d8c50f8204a51e6f91d18a15d5ef261e84d452800d4ff6fc504e9"
            ],
            "index": "pypi",
            "markers": "python_version >= '3.8'",
            "version": "==6.4.1"
        },
        "typing-extensions": {
            "hashes": [
                "sha256:04e5ca0351e0f3f85c6853954072df659d0d13fac324d0072316b67d7794700d",
                "sha256:1a7ead55c7e559dd4dee8856e3a88b41225abfe1ce8df57b7c13915fe121ffb8"
            ],
            "index": "pypi",
            "markers": "python_version >= '3.8'",
            "version": "==4.12.2"
        },
        "urllib3": {
            "hashes": [
                "sha256:37a0344459b199fce0e80b0d3569837ec6b6937435c5244e7fd73fa6006830f3",
                "sha256:3e3d753a8618b86d7de333b4223005f68720bcd6a7d2bcb9fbd2229ec7c1e429"
            ],
            "markers": "python_version != '3.4'",
            "version": "==1.26.19"
        },
        "wrapt": {
            "hashes": [
                "sha256:44a2754372e32ab315734c6c73b24351d06e77ffff6ae27d2ecf14cf3d229202",
                "sha256:5f370f952971e7d17c7d1ead40e49f32345a7f7a5373571ef44d800d06b1899d",
                "sha256:6906c4100a8fcbf2fa735f6059214bb13b97f75b1a61777fcf6432121ef12ef1"
            ],
            "markers": "python_version >= '3.6'",
            "version": "==1.16.0"
        },
        "yarl": {
            "hashes": [
                "sha256:566db86717cf8080b99b58b083b773a908ae40f06681e87e589a976faf8246bf",
                "sha256:928cecb0ef9d5a7946eb6ff58417ad2fe9375762382f1bf5c55e61645f2c43ad",
                "sha256:bef596fdaa8f26e3d66af846bbe77057237cb6e8efff8cd7cc8dff9a62278bbf",
                "sha256:ec61d826d80fc293ed46c9dd26995921e3a82146feacd952ef0757236fc137be"
            ],
            "markers": "python_version >= '3.7'",
            "version": "==1.9.4"
        },
        "zipp": {
            "hashes": [
                "sha256:bf1dcf6450f873a13e952a29504887c89e6de7506209e5b1bcc3460135d4de19",
                "sha256:f091755f667055f2d02b32c53771a7a6c8b47e1fdbc4b72a8b9072b3eef8015c"
            ],
            "markers": "python_version >= '3.8'",
            "version": "==3.19.2"
        }
    },
    "develop": {
        "coverage": {
            "hashes": [
                "sha256:e07d9f1a23e9e93ab5c62902833bf3e4b1f65502927379148b6622686223125c"
            ],
            "index": "pypi",
            "markers": "python_version >= '2.6' and python_version not in '3.0, 3.1, 3.2, 3.3' and python_version < '4'",
            "version": "==4.5.4"
        },
        "six": {
            "hashes": [
                "sha256:1e61c37477a1626458e36f7b1d82aa5c9b094fa4802892072e49de9c60c4c926",
                "sha256:8abb2f1d86890a2dfb989f9a77cfcfd3e47c2a354b01111771326f8aa26e0254"
            ],
            "markers": "python_version >= '2.7' and python_version not in '3.0, 3.1, 3.2, 3.3'",
            "version": "==1.16.0"
        },
        "unittest-xml-reporting": {
            "hashes": [
                "sha256:358bbdaf24a26d904cc1c26ef3078bca7fc81541e0a54c8961693cc96a6f35e0",
                "sha256:9d28ddf6524cf0ff9293f61bd12e792de298f8561a5c945acea63fb437789e0e"
            ],
            "index": "pypi",
            "version": "==2.5.2"
        }
    }
}
