{
    "_meta": {
        "hash": {
            "sha256": "ae6bd81bb2ffa10acd854a669366ede853981dcb49f31333163f1c1eebf3c3c1"
        },
        "pipfile-spec": 6,
        "requires": {
            "python_version": "3.13"
        },
        "sources": [
            {
                "name": "pypi",
                "url": "https://pypi.org/simple",
                "verify_ssl": true
            }
        ]
    },
    "default": {
        "tornado": {
            "hashes": [
                "sha256:072ce12ada169c5b00b7d92a99ba089447ccc993ea2143c9ede887e0937aa803",
                "sha256:1a017d239bd1bb0919f72af256a970624241f070496635784d9bf0db640d3fec",
                "sha256:2876cef82e6c5978fde1e0d5b1f919d756968d5b4282418f3146b79b58556482",
                "sha256:304463bd0772442ff4d0f5149c6f1c2135a1fae045adf070821c6cdc76980634",
                "sha256:908b71bf3ff37d81073356a5fadcc660eb10c1476ee6e2725588626ce7e5ca38",
                "sha256:92bad5b4746e9879fd7bf1eb21dce4e3fc5128d71601f80005afa39237ad620b",
                "sha256:932d195ca9015956fa502c6b56af9eb06106140d844a335590c1ec7f5277d10c",
                "sha256:bca9eb02196e789c9cb5c3c7c0f04fb447dc2adffd95265b2c7223a8a615ccbf",
                "sha256:c36e62ce8f63409301537222faffcef7dfc5284f27eec227389f2ad11b09d946",
                "sha256:c82c46813ba483a385ab2a99caeaedf92585a1f90defb5693351fa7e4ea0bf73",
                "sha256:e828cce1123e9e44ae2a50a9de3055497ab1d0aeb440c5ac23064d9e44880da1"
            ],
            "index": "pypi",
            "markers": "python_version >= '3.8'",
            "version": "==6.4.2"
        }
    },
    "develop": {}
}
